{
  "name": "@b-mamba/s-progress-bar",
  "version": "0.0.4",
  "lockfileVersion": 1,
  "requires": true,
  "dependencies": {
    "@types/node": {
      "version": "14.14.22",
      "resolved": "https://registry.npmjs.org/@types/node/-/node-14.14.22.tgz",
      "integrity": "sha512-g+f/qj/cNcqKkc3tFqlXOYjrmZA+jNBiDzbP3kH+B+otKFqAdPgVTGP1IeKRdMml/aE69as5S4FqtxAbl+LaMw==",
      "dev": true
    },
    "@types/progress": {
      "version": "2.0.3",
      "resolved": "https://registry.npmjs.org/@types/progress/-/progress-2.0.3.tgz",
      "integrity": "sha512-bPOsfCZ4tsTlKiBjBhKnM8jpY5nmIll166IPD58D92hR7G7kZDfx5iB9wGF4NfZrdKolebjeAr3GouYkSGoJ/A==",
      "dev": true,
      "requires": {
        "@types/node": "*"
      }
    },
    "progress": {
      "version": "2.0.3",
      "resolved": "https://registry.npmjs.org/progress/-/progress-2.0.3.tgz",
      "integrity": "sha512-7PiHtLll5LdnKIMw100I+8xJXR5gW2QwWYkT6iJva0bXitZKa/XMrSbdmg3r2Xnaidz9Qumd0VPaMrZlF9V9sA=="
    }
  }
}
