{
	"name": "@serverless-devs/s-progress-bar",
	"version": "0.0.20",
	"lockfileVersion": 1,
	"requires": true,
	"dependencies": {
		"@types/node": {
			"version": "15.3.0",
			"resolved": "https://registry.npmjs.org/@types/node/-/node-15.3.0.tgz",
			"integrity": "sha512-8/bnjSZD86ZfpBsDlCIkNXIvm+h6wi9g7IqL+kmFkQ+Wvu3JrasgLElfiPgoo8V8vVfnEi0QVS12gbl94h9YsQ==",
			"dev": true
		},
		"@types/progress": {
			"version": "2.0.3",
			"resolved": "https://registry.npmjs.org/@types/progress/-/progress-2.0.3.tgz",
			"integrity": "sha512-bPOsfCZ4tsTlKiBjBhKnM8jpY5nmIll166IPD58D92hR7G7kZDfx5iB9wGF4NfZrdKolebjeAr3GouYkSGoJ/A==",
			"dev": true,
			"requires": {
				"@types/node": "*"
			}
		},
		"progress": {
			"version": "2.0.3",
			"resolved": "https://registry.npmjs.org/progress/-/progress-2.0.3.tgz",
			"integrity": "sha512-7PiHtLll5LdnKIMw100I+8xJXR5gW2QwWYkT6iJva0bXitZKa/XMrSbdmg3r2Xnaidz9Qumd0VPaMrZlF9V9sA=="
		}
	}
}
